
Microsoft Visual Studio Solution File, Format Version 12.00
# Visual Studio 15
VisualStudioVersion = 15.0.26228.10
MinimumVisualStudioVersion = 10.0.40219.1
Project("{9092AA53-FB77-4645-B42D-1CCCA6BD08BD}") = "b2-uploader", "b2-uploader\b2-uploader.njsproj", "{B1DC2D2E-2F81-490E-8764-F3013CB94B25}"
EndProject
Global
	GlobalSection(SolutionConfigurationPlatforms) = preSolution
		Debug|Any CPU = Debug|Any CPU
		Release|Any CPU = Release|Any CPU
	EndGlobalSection
	GlobalSection(ProjectConfigurationPlatforms) = postSolution
		{B1DC2D2E-2F81-490E-8764-F3013CB94B25}.Debug|Any CPU.ActiveCfg = Debug|Any CPU
		{B1DC2D2E-2F81-490E-8764-F3013CB94B25}.Debug|Any CPU.Build.0 = Debug|Any CPU
		{B1DC2D2E-2F81-490E-8764-F3013CB94B25}.Release|Any CPU.ActiveCfg = Release|Any CPU
		{B1DC2D2E-2F81-490E-8764-F3013CB94B25}.Release|Any CPU.Build.0 = Release|Any CPU
	EndGlobalSection
	GlobalSection(SolutionProperties) = preSolution
		HideSolutionNode = FALSE
	EndGlobalSection
EndGlobal
